schema: '2.0'
stages:
  data_ingestion:
    cmd: python src/data/make_dataset.py
    deps:
    - path: src/data/make_dataset.py
      hash: md5
      md5: 997c18ab255b0b84c765ee6dfd5ad2b4
      size: 3093
    params:
      params.yaml:
        data_ingestion.test_size: 0.2
    outs:
    - path: data/raw/test.csv
      hash: md5
      md5: a2bdbb8889e0b1b400eb611cedd7d651
      size: 162098
    - path: data/raw/train.csv
      hash: md5
      md5: 62b9f0c4e921cec8debb427edfc9cb67
      size: 655499
  preprocessing:
    cmd: python src/features/build_features.py
    deps:
    - path: data/raw/test.csv
      hash: md5
      md5: a2bdbb8889e0b1b400eb611cedd7d651
      size: 162098
    - path: data/raw/train.csv
      hash: md5
      md5: 62b9f0c4e921cec8debb427edfc9cb67
      size: 655499
    outs:
    - path: data/processed/test_processed.csv
      hash: md5
      md5: e3d1c1fadc6a18390a2b1396ee35bdca
      size: 119846
    - path: data/processed/train_processed.csv
      hash: md5
      md5: 76a3f219f2ab4f2081cddfa0a27287b6
      size: 485640
  feature_engineering:
    cmd: python src/features/feature_engineering.py
    deps:
    - path: data/processed/test_processed.csv
      hash: md5
      md5: e3d1c1fadc6a18390a2b1396ee35bdca
      size: 119846
    - path: data/processed/train_processed.csv
      hash: md5
      md5: 76a3f219f2ab4f2081cddfa0a27287b6
      size: 485640
    outs:
    - path: data/features/test_bow.csv
      hash: md5
      md5: cd33ec8742452ab509e70e78f0e6b18b
      size: 221062
    - path: data/features/train_bow.csv
      hash: md5
      md5: 7ce7fea007e46979702380eddef718a1
      size: 887030
  model_training:
    cmd: python src/models/train_model.py
    deps:
    - path: data/features/test_bow.csv
      hash: md5
      md5: cd33ec8742452ab509e70e78f0e6b18b
      size: 221062
    - path: data/features/train_bow.csv
      hash: md5
      md5: 7ce7fea007e46979702380eddef718a1
      size: 887030
    outs:
    - path: models/model.pkl
      hash: md5
      md5: 9dea6c9bf1a42b8a803b804f303ab56a
      size: 73036
