schema: '2.0'
stages:
  data_ingestion:
    cmd: python src/data/data_ingestion.py
    deps:
    - path: src/data/data_ingestion.py
      hash: md5
      md5: 40fdaf1bae82b16e52a3858075b31cda
      size: 2399
    params:
      params.yaml:
        data_ingestion.test_size: 0.3
    outs:
    - path: data/raw/test.csv
      hash: md5
      md5: a2bdbb8889e0b1b400eb611cedd7d651
      size: 162098
    - path: data/raw/train.csv
      hash: md5
      md5: 62b9f0c4e921cec8debb427edfc9cb67
      size: 655499
  data_preprocessing:
    cmd: python src/data/data_preprocessing.py
    deps:
    - path: data/raw/test.csv
      hash: md5
      md5: a2bdbb8889e0b1b400eb611cedd7d651
      size: 162098
    - path: data/raw/train.csv
      hash: md5
      md5: 62b9f0c4e921cec8debb427edfc9cb67
      size: 655499
    - path: src/data/data_preprocessing.py
      hash: md5
      md5: d16654b76bbf9fc99d397575fe80a848
      size: 3175
    outs:
    - path: data/interim/test.csv
      hash: md5
      md5: 96edb0bb26ee74e06aabe496a2c71ced
      size: 109397
    - path: data/interim/train.csv
      hash: md5
      md5: 4a26d7a6861343f5eb34580248ffa486
      size: 439395
  feature_engineering:
    cmd: python src/features/feature_engineering.py
    deps:
    - path: data/interim/test.csv
      hash: md5
      md5: 96edb0bb26ee74e06aabe496a2c71ced
      size: 109397
    - path: data/interim/train.csv
      hash: md5
      md5: 4a26d7a6861343f5eb34580248ffa486
      size: 439395
    - path: src/features/feature_engineering.py
      hash: md5
      md5: e0b991795b1eee7bda9c6dc654b006a5
      size: 3316
    params:
      params.yaml:
        feature_engineering.max_features: 100
    outs:
    - path: data/processed/test_tfidf.csv
      hash: md5
      md5: 14eb6c180f13ca9afa4cb55a0a94524f
      size: 898655
    - path: data/processed/train_tfidf.csv
      hash: md5
      md5: 9e5f2cc74bcca1905cd16d84724b7795
      size: 3598367
  model_training:
    cmd: python src/models/model_building.py
    deps:
    - path: data/processed/test_tfidf.csv
      hash: md5
      md5: 14eb6c180f13ca9afa4cb55a0a94524f
      size: 898655
    - path: data/processed/train_tfidf.csv
      hash: md5
      md5: 9e5f2cc74bcca1905cd16d84724b7795
      size: 3598367
    - path: src/models/model_building.py
      hash: md5
      md5: e7fe505259f24e44456ca65939b1f984
      size: 4327
    params:
      params.yaml:
        model_building.learning_rate: 0.1
        model_building.n_estimators: 5
    outs:
    - path: models/model.pkl
      hash: md5
      md5: 959d69cf85f2307f314e01fd7b4d32ed
      size: 1278878
  model_evaluation:
    cmd: python src/models/model_Evaluation.py
    deps:
    - path: models/model.pkl
      hash: md5
      md5: 959d69cf85f2307f314e01fd7b4d32ed
      size: 1278878
    - path: src/models/model_Evaluation.py
      hash: md5
      md5: fbe2b0a0e0b94cb927e97ca0c15a6e08
      size: 3422
    outs:
    - path: reports/metrics.json
      hash: md5
      md5: 6180cd3fe5c84898e2a880b814fc6bf8
      size: 227
