schema: '2.0'
stages:
  data_ingestion:
    cmd: python src/data/data_ingestion.py
    deps:
    - path: src/data/data_ingestion.py
      hash: md5
      md5: 40fdaf1bae82b16e52a3858075b31cda
      size: 2399
    params:
      params.yaml:
        data_ingestion.test_size: 0.3
    outs:
    - path: data/raw/test.csv
      hash: md5
      md5: a2bdbb8889e0b1b400eb611cedd7d651
      size: 162098
    - path: data/raw/train.csv
      hash: md5
      md5: 62b9f0c4e921cec8debb427edfc9cb67
      size: 655499
  data_preprocessing:
    cmd: python src/data/data_preprocessing.py
    deps:
    - path: data/raw/test.csv
      hash: md5
      md5: a2bdbb8889e0b1b400eb611cedd7d651
      size: 162098
    - path: data/raw/train.csv
      hash: md5
      md5: 62b9f0c4e921cec8debb427edfc9cb67
      size: 655499
    - path: src/data/data_preprocessing.py
      hash: md5
      md5: d16654b76bbf9fc99d397575fe80a848
      size: 3175
    outs:
    - path: data/interim/test.csv
      hash: md5
      md5: 96edb0bb26ee74e06aabe496a2c71ced
      size: 109397
    - path: data/interim/train.csv
      hash: md5
      md5: 4a26d7a6861343f5eb34580248ffa486
      size: 439395
  feature_engineering:
    cmd: python src/features/feature_engineering.py
    deps:
    - path: data/interim/test.csv
      hash: md5
      md5: 96edb0bb26ee74e06aabe496a2c71ced
      size: 109397
    - path: data/interim/train.csv
      hash: md5
      md5: 4a26d7a6861343f5eb34580248ffa486
      size: 439395
    - path: src/features/feature_engineering.py
      hash: md5
      md5: e0b991795b1eee7bda9c6dc654b006a5
      size: 3316
    params:
      params.yaml:
        feature_engineering.max_features: 1000
    outs:
    - path: data/processed/test_tfidf.csv
      hash: md5
      md5: 2a972ca2fbe7e4963fb0127fb03604c3
      size: 8461252
    - path: data/processed/train_tfidf.csv
      hash: md5
      md5: a22df70fc4907c635f233d5c1d6e146c
      size: 33842379
  model_training:
    cmd: python src/models/model_building.py
    deps:
    - path: data/processed/test_tfidf.csv
      hash: md5
      md5: 2a972ca2fbe7e4963fb0127fb03604c3
      size: 8461252
    - path: data/processed/train_tfidf.csv
      hash: md5
      md5: a22df70fc4907c635f233d5c1d6e146c
      size: 33842379
    - path: src/models/model_building.py
      hash: md5
      md5: 153dbe08cd0cd12c8f570fce2113be7c
      size: 4193
    params:
      params.yaml:
        model_building.learning_rate: 0.1
        model_building.n_estimators: 55
    outs:
    - path: models/model.pkl
      hash: md5
      md5: f14341746810d60561b8c50465f5742c
      size: 20864025
  model_evaluation:
    cmd: python src/models/model_Evaluation.py
    deps:
    - path: models/model.pkl
      hash: md5
      md5: f14341746810d60561b8c50465f5742c
      size: 20864025
    - path: src/models/model_Evaluation.py
      hash: md5
      md5: 20689ea6d2886fb1860fd48b0bf43825
      size: 3233
    outs:
    - path: reports/metrics.json
      hash: md5
      md5: 5f9ded535a08394f96b28db9560f09ab
      size: 139
